
Microsoft Visual Studio Solution File, Format Version 12.00
# Visual Studio Version 17
VisualStudioVersion = 17.3.32929.385
MinimumVisualStudioVersion = 10.0.40219.1
Project("{2150E333-8FDC-42A3-9474-1A3956D46DE8}") = "Solutions", "Solutions", "{5BDC2669-205D-48B0-BD08-849B51835BB2}"
EndProject
Project("{9A19103F-16F7-4668-BE54-9A1E7A4F7556}") = "aoc2015", "Solutions\aoc2015\aoc2015.csproj", "{ECC3B31D-F3A2-4A76-910E-E359C1232C52}"
EndProject
Project("{9A19103F-16F7-4668-BE54-9A1E7A4F7556}") = "aoc2016", "Solutions\aoc2016\aoc2016.csproj", "{3BE5D04A-1C6C-47D8-8840-84E79D8CF05F}"
EndProject
Project("{9A19103F-16F7-4668-BE54-9A1E7A4F7556}") = "aoc2021", "Solutions\aoc2021\aoc2021.csproj", "{0F05ACFA-7FEF-44B2-9B34-5AB50979064E}"
EndProject
Project("{9A19103F-16F7-4668-BE54-9A1E7A4F7556}") = "aoc2022", "Solutions\aoc2022\aoc2022.csproj", "{12429DE2-EFBC-4C0C-A579-3E6008BC3040}"
EndProject
Project("{9A19103F-16F7-4668-BE54-9A1E7A4F7556}") = "AdventLibrary", "AdventOfCodeLibrary\AdventLibrary\AdventLibrary.csproj", "{D8C9E1E1-BBAB-400A-B074-84DA9DBAB0EE}"
EndProject
Project("{9A19103F-16F7-4668-BE54-9A1E7A4F7556}") = "AdventLibraryUnitTests", "AdventOfCodeLibrary\AdventOfCodeLibraryTest\AdventLibraryUnitTests\AdventLibraryUnitTests.csproj", "{350CF5D6-BBFA-4562-9F39-581D425E03A5}"
EndProject
Project("{9A19103F-16F7-4668-BE54-9A1E7A4F7556}") = "CreateNewDayProgram", "Setup\CreateNewDayProgram\CreateNewDayProgram.csproj", "{6E585CEA-B18E-4DD1-AA40-FC57E4949935}"
EndProject
Project("{9A19103F-16F7-4668-BE54-9A1E7A4F7556}") = "Runner", "Runner\Runner.csproj", "{3565EAD8-0C4B-4BE9-ABC0-533C2E6CD75E}"
EndProject
Project("{2150E333-8FDC-42A3-9474-1A3956D46DE8}") = "Solution Items", "Solution Items", "{2145695C-95EE-4699-8C42-0D41774F529C}"
	ProjectSection(SolutionItems) = preProject
		ToDo.txt = ToDo.txt
	EndProjectSection
EndProject
Project("{2150E333-8FDC-42A3-9474-1A3956D46DE8}") = "Setup", "Setup", "{1BB5E1C7-0E20-4F0E-B67C-E6822EDE5FB6}"
EndProject
Project("{9A19103F-16F7-4668-BE54-9A1E7A4F7556}") = "aoc2023", "Solutions\aoc2023\aoc2023.csproj", "{4CB7154F-FFD7-4709-9240-4ADD4D92BD97}"
EndProject
Project("{9A19103F-16F7-4668-BE54-9A1E7A4F7556}") = "aoc2017", "Solutions\aoc2017\aoc2017.csproj", "{7F863B45-4139-49EF-8815-E5AECDC9B2D5}"
EndProject
Project("{9A19103F-16F7-4668-BE54-9A1E7A4F7556}") = "aoc2018", "Solutions\aoc2018\aoc2018.csproj", "{98BB04CB-CF91-4915-A6C3-972D08106727}"
EndProject
Project("{9A19103F-16F7-4668-BE54-9A1E7A4F7556}") = "aoc2019", "Solutions\aoc2019\aoc2019.csproj", "{125FD1CB-EACB-40A1-9352-684BD900918A}"
EndProject
Project("{9A19103F-16F7-4668-BE54-9A1E7A4F7556}") = "aoc2020", "Solutions\aoc2020\aoc2020.csproj", "{2C902709-FD46-45D7-8912-6BB239ED581C}"
EndProject
Project("{9A19103F-16F7-4668-BE54-9A1E7A4F7556}") = "SetupLibrary", "Setup\SetupLibrary\SetupLibrary.csproj", "{C85E2024-4481-44ED-8AFC-AC2C0FCC1B39}"
EndProject
Project("{2150E333-8FDC-42A3-9474-1A3956D46DE8}") = "Inputs", "Inputs", "{4F50EF41-7620-4117-BA43-3E18F9323AB8}"
EndProject
Project("{9A19103F-16F7-4668-BE54-9A1E7A4F7556}") = "Input", "AdventOfCodeInput\Input\Input.csproj", "{A5E2F4C2-582C-436C-86CF-E2A8EEB9AFA0}"
EndProject
Project("{9A19103F-16F7-4668-BE54-9A1E7A4F7556}") = "TestInput", "AdventOfCodeInput\TestInput\TestInput.csproj", "{D3C1DBCB-2BD3-4B37-9BBA-44048B6D47AE}"
EndProject
Global
	GlobalSection(SolutionConfigurationPlatforms) = preSolution
		Debug|Any CPU = Debug|Any CPU
		Release|Any CPU = Release|Any CPU
	EndGlobalSection
	GlobalSection(ProjectConfigurationPlatforms) = postSolution
		{ECC3B31D-F3A2-4A76-910E-E359C1232C52}.Debug|Any CPU.ActiveCfg = Debug|Any CPU
		{ECC3B31D-F3A2-4A76-910E-E359C1232C52}.Debug|Any CPU.Build.0 = Debug|Any CPU
		{ECC3B31D-F3A2-4A76-910E-E359C1232C52}.Release|Any CPU.ActiveCfg = Release|Any CPU
		{ECC3B31D-F3A2-4A76-910E-E359C1232C52}.Release|Any CPU.Build.0 = Release|Any CPU
		{3BE5D04A-1C6C-47D8-8840-84E79D8CF05F}.Debug|Any CPU.ActiveCfg = Debug|Any CPU
		{3BE5D04A-1C6C-47D8-8840-84E79D8CF05F}.Debug|Any CPU.Build.0 = Debug|Any CPU
		{3BE5D04A-1C6C-47D8-8840-84E79D8CF05F}.Release|Any CPU.ActiveCfg = Release|Any CPU
		{3BE5D04A-1C6C-47D8-8840-84E79D8CF05F}.Release|Any CPU.Build.0 = Release|Any CPU
		{0F05ACFA-7FEF-44B2-9B34-5AB50979064E}.Debug|Any CPU.ActiveCfg = Debug|Any CPU
		{0F05ACFA-7FEF-44B2-9B34-5AB50979064E}.Debug|Any CPU.Build.0 = Debug|Any CPU
		{0F05ACFA-7FEF-44B2-9B34-5AB50979064E}.Release|Any CPU.ActiveCfg = Release|Any CPU
		{0F05ACFA-7FEF-44B2-9B34-5AB50979064E}.Release|Any CPU.Build.0 = Release|Any CPU
		{12429DE2-EFBC-4C0C-A579-3E6008BC3040}.Debug|Any CPU.ActiveCfg = Debug|Any CPU
		{12429DE2-EFBC-4C0C-A579-3E6008BC3040}.Debug|Any CPU.Build.0 = Debug|Any CPU
		{12429DE2-EFBC-4C0C-A579-3E6008BC3040}.Release|Any CPU.ActiveCfg = Release|Any CPU
		{12429DE2-EFBC-4C0C-A579-3E6008BC3040}.Release|Any CPU.Build.0 = Release|Any CPU
		{D8C9E1E1-BBAB-400A-B074-84DA9DBAB0EE}.Debug|Any CPU.ActiveCfg = Debug|Any CPU
		{D8C9E1E1-BBAB-400A-B074-84DA9DBAB0EE}.Debug|Any CPU.Build.0 = Debug|Any CPU
		{D8C9E1E1-BBAB-400A-B074-84DA9DBAB0EE}.Release|Any CPU.ActiveCfg = Release|Any CPU
		{D8C9E1E1-BBAB-400A-B074-84DA9DBAB0EE}.Release|Any CPU.Build.0 = Release|Any CPU
		{350CF5D6-BBFA-4562-9F39-581D425E03A5}.Debug|Any CPU.ActiveCfg = Debug|Any CPU
		{350CF5D6-BBFA-4562-9F39-581D425E03A5}.Debug|Any CPU.Build.0 = Debug|Any CPU
		{350CF5D6-BBFA-4562-9F39-581D425E03A5}.Release|Any CPU.ActiveCfg = Release|Any CPU
		{350CF5D6-BBFA-4562-9F39-581D425E03A5}.Release|Any CPU.Build.0 = Release|Any CPU
		{6E585CEA-B18E-4DD1-AA40-FC57E4949935}.Debug|Any CPU.ActiveCfg = Debug|Any CPU
		{6E585CEA-B18E-4DD1-AA40-FC57E4949935}.Debug|Any CPU.Build.0 = Debug|Any CPU
		{6E585CEA-B18E-4DD1-AA40-FC57E4949935}.Release|Any CPU.ActiveCfg = Release|Any CPU
		{6E585CEA-B18E-4DD1-AA40-FC57E4949935}.Release|Any CPU.Build.0 = Release|Any CPU
		{3565EAD8-0C4B-4BE9-ABC0-533C2E6CD75E}.Debug|Any CPU.ActiveCfg = Debug|Any CPU
		{3565EAD8-0C4B-4BE9-ABC0-533C2E6CD75E}.Debug|Any CPU.Build.0 = Debug|Any CPU
		{3565EAD8-0C4B-4BE9-ABC0-533C2E6CD75E}.Release|Any CPU.ActiveCfg = Release|Any CPU
		{3565EAD8-0C4B-4BE9-ABC0-533C2E6CD75E}.Release|Any CPU.Build.0 = Release|Any CPU
		{4CB7154F-FFD7-4709-9240-4ADD4D92BD97}.Debug|Any CPU.ActiveCfg = Debug|Any CPU
		{4CB7154F-FFD7-4709-9240-4ADD4D92BD97}.Debug|Any CPU.Build.0 = Debug|Any CPU
		{4CB7154F-FFD7-4709-9240-4ADD4D92BD97}.Release|Any CPU.ActiveCfg = Release|Any CPU
		{4CB7154F-FFD7-4709-9240-4ADD4D92BD97}.Release|Any CPU.Build.0 = Release|Any CPU
		{7F863B45-4139-49EF-8815-E5AECDC9B2D5}.Debug|Any CPU.ActiveCfg = Debug|Any CPU
		{7F863B45-4139-49EF-8815-E5AECDC9B2D5}.Debug|Any CPU.Build.0 = Debug|Any CPU
		{7F863B45-4139-49EF-8815-E5AECDC9B2D5}.Release|Any CPU.ActiveCfg = Release|Any CPU
		{7F863B45-4139-49EF-8815-E5AECDC9B2D5}.Release|Any CPU.Build.0 = Release|Any CPU
		{98BB04CB-CF91-4915-A6C3-972D08106727}.Debug|Any CPU.ActiveCfg = Debug|Any CPU
		{98BB04CB-CF91-4915-A6C3-972D08106727}.Debug|Any CPU.Build.0 = Debug|Any CPU
		{98BB04CB-CF91-4915-A6C3-972D08106727}.Release|Any CPU.ActiveCfg = Release|Any CPU
		{98BB04CB-CF91-4915-A6C3-972D08106727}.Release|Any CPU.Build.0 = Release|Any CPU
		{125FD1CB-EACB-40A1-9352-684BD900918A}.Debug|Any CPU.ActiveCfg = Debug|Any CPU
		{125FD1CB-EACB-40A1-9352-684BD900918A}.Debug|Any CPU.Build.0 = Debug|Any CPU
		{125FD1CB-EACB-40A1-9352-684BD900918A}.Release|Any CPU.ActiveCfg = Release|Any CPU
		{125FD1CB-EACB-40A1-9352-684BD900918A}.Release|Any CPU.Build.0 = Release|Any CPU
		{2C902709-FD46-45D7-8912-6BB239ED581C}.Debug|Any CPU.ActiveCfg = Debug|Any CPU
		{2C902709-FD46-45D7-8912-6BB239ED581C}.Debug|Any CPU.Build.0 = Debug|Any CPU
		{2C902709-FD46-45D7-8912-6BB239ED581C}.Release|Any CPU.ActiveCfg = Release|Any CPU
		{2C902709-FD46-45D7-8912-6BB239ED581C}.Release|Any CPU.Build.0 = Release|Any CPU
		{C85E2024-4481-44ED-8AFC-AC2C0FCC1B39}.Debug|Any CPU.ActiveCfg = Debug|Any CPU
		{C85E2024-4481-44ED-8AFC-AC2C0FCC1B39}.Debug|Any CPU.Build.0 = Debug|Any CPU
		{C85E2024-4481-44ED-8AFC-AC2C0FCC1B39}.Release|Any CPU.ActiveCfg = Release|Any CPU
		{C85E2024-4481-44ED-8AFC-AC2C0FCC1B39}.Release|Any CPU.Build.0 = Release|Any CPU
		{A5E2F4C2-582C-436C-86CF-E2A8EEB9AFA0}.Debug|Any CPU.ActiveCfg = Debug|Any CPU
		{A5E2F4C2-582C-436C-86CF-E2A8EEB9AFA0}.Debug|Any CPU.Build.0 = Debug|Any CPU
		{A5E2F4C2-582C-436C-86CF-E2A8EEB9AFA0}.Release|Any CPU.ActiveCfg = Release|Any CPU
		{A5E2F4C2-582C-436C-86CF-E2A8EEB9AFA0}.Release|Any CPU.Build.0 = Release|Any CPU
		{D3C1DBCB-2BD3-4B37-9BBA-44048B6D47AE}.Debug|Any CPU.ActiveCfg = Debug|Any CPU
		{D3C1DBCB-2BD3-4B37-9BBA-44048B6D47AE}.Debug|Any CPU.Build.0 = Debug|Any CPU
		{D3C1DBCB-2BD3-4B37-9BBA-44048B6D47AE}.Release|Any CPU.ActiveCfg = Release|Any CPU
		{D3C1DBCB-2BD3-4B37-9BBA-44048B6D47AE}.Release|Any CPU.Build.0 = Release|Any CPU
	EndGlobalSection
	GlobalSection(SolutionProperties) = preSolution
		HideSolutionNode = FALSE
	EndGlobalSection
	GlobalSection(NestedProjects) = preSolution
		{ECC3B31D-F3A2-4A76-910E-E359C1232C52} = {5BDC2669-205D-48B0-BD08-849B51835BB2}
		{3BE5D04A-1C6C-47D8-8840-84E79D8CF05F} = {5BDC2669-205D-48B0-BD08-849B51835BB2}
		{0F05ACFA-7FEF-44B2-9B34-5AB50979064E} = {5BDC2669-205D-48B0-BD08-849B51835BB2}
		{12429DE2-EFBC-4C0C-A579-3E6008BC3040} = {5BDC2669-205D-48B0-BD08-849B51835BB2}
		{6E585CEA-B18E-4DD1-AA40-FC57E4949935} = {1BB5E1C7-0E20-4F0E-B67C-E6822EDE5FB6}
		{4CB7154F-FFD7-4709-9240-4ADD4D92BD97} = {5BDC2669-205D-48B0-BD08-849B51835BB2}
		{7F863B45-4139-49EF-8815-E5AECDC9B2D5} = {5BDC2669-205D-48B0-BD08-849B51835BB2}
		{98BB04CB-CF91-4915-A6C3-972D08106727} = {5BDC2669-205D-48B0-BD08-849B51835BB2}
		{125FD1CB-EACB-40A1-9352-684BD900918A} = {5BDC2669-205D-48B0-BD08-849B51835BB2}
		{2C902709-FD46-45D7-8912-6BB239ED581C} = {5BDC2669-205D-48B0-BD08-849B51835BB2}
		{C85E2024-4481-44ED-8AFC-AC2C0FCC1B39} = {1BB5E1C7-0E20-4F0E-B67C-E6822EDE5FB6}
		{A5E2F4C2-582C-436C-86CF-E2A8EEB9AFA0} = {4F50EF41-7620-4117-BA43-3E18F9323AB8}
		{D3C1DBCB-2BD3-4B37-9BBA-44048B6D47AE} = {4F50EF41-7620-4117-BA43-3E18F9323AB8}
	EndGlobalSection
	GlobalSection(ExtensibilityGlobals) = postSolution
		SolutionGuid = {1628ED3E-D372-4500-8EDF-5BE88DB5B335}
	EndGlobalSection
EndGlobal
