
Microsoft Visual Studio Solution File, Format Version 12.00
# Visual Studio Version 17
VisualStudioVersion = 17.3.32929.385
MinimumVisualStudioVersion = 10.0.40219.1
Project("{9A19103F-16F7-4668-BE54-9A1E7A4F7556}") = "AdventLibrary", "..\AdventOfCodeLibrary\AdventLibrary\AdventLibrary.csproj", "{D3115639-E18F-4759-859F-07E8251C641E}"
EndProject
Project("{9A19103F-16F7-4668-BE54-9A1E7A4F7556}") = "AdventLibraryUnitTests", "..\AdventOfCodeLibrary\AdventOfCodeLibraryTest\AdventLibraryUnitTests\AdventLibraryUnitTests.csproj", "{7723614C-6F6E-43E8-8C1A-2E2F90AAA0AD}"
EndProject
Project("{9A19103F-16F7-4668-BE54-9A1E7A4F7556}") = "BoilerPlate", "..\BoilerPlate\BoilerPlate.csproj", "{31FA5046-2555-439A-B35C-30C4A61DEB83}"
EndProject
Project("{9A19103F-16F7-4668-BE54-9A1E7A4F7556}") = "Runner", "..\Runner\Runner.csproj", "{6C68ADA6-0D9A-4588-A7B3-72B2A58CFCF5}"
EndProject
Project("{9A19103F-16F7-4668-BE54-9A1E7A4F7556}") = "aoc2015", "..\Solutions\aoc2015\aoc2015.csproj", "{5BF3D0FF-CFB8-4F7F-B626-4AE6FDDF7C68}"
EndProject
Project("{2150E333-8FDC-42A3-9474-1A3956D46DE8}") = "Solutions", "Solutions", "{5BDC2669-205D-48B0-BD08-849B51835BB2}"
EndProject
Project("{9A19103F-16F7-4668-BE54-9A1E7A4F7556}") = "aoc2016", "..\Solutions\aoc2016\aoc2016.csproj", "{708A1678-B316-4B50-B63F-B1354ED7C52D}"
EndProject
Project("{9A19103F-16F7-4668-BE54-9A1E7A4F7556}") = "aoc2021", "..\Solutions\aoc2021\aoc2021.csproj", "{D407BA30-0E21-4976-AFFB-16116B7D92A3}"
EndProject
Project("{9A19103F-16F7-4668-BE54-9A1E7A4F7556}") = "aoc2022", "..\Solutions\aoc2022\aoc2022.csproj", "{3C9DC443-46C6-4002-94EC-1BEB6FD3F4FE}"
EndProject
Global
	GlobalSection(SolutionConfigurationPlatforms) = preSolution
		Debug|Any CPU = Debug|Any CPU
		Release|Any CPU = Release|Any CPU
	EndGlobalSection
	GlobalSection(ProjectConfigurationPlatforms) = postSolution
		{D3115639-E18F-4759-859F-07E8251C641E}.Debug|Any CPU.ActiveCfg = Debug|Any CPU
		{D3115639-E18F-4759-859F-07E8251C641E}.Debug|Any CPU.Build.0 = Debug|Any CPU
		{D3115639-E18F-4759-859F-07E8251C641E}.Release|Any CPU.ActiveCfg = Release|Any CPU
		{D3115639-E18F-4759-859F-07E8251C641E}.Release|Any CPU.Build.0 = Release|Any CPU
		{7723614C-6F6E-43E8-8C1A-2E2F90AAA0AD}.Debug|Any CPU.ActiveCfg = Debug|Any CPU
		{7723614C-6F6E-43E8-8C1A-2E2F90AAA0AD}.Debug|Any CPU.Build.0 = Debug|Any CPU
		{7723614C-6F6E-43E8-8C1A-2E2F90AAA0AD}.Release|Any CPU.ActiveCfg = Release|Any CPU
		{7723614C-6F6E-43E8-8C1A-2E2F90AAA0AD}.Release|Any CPU.Build.0 = Release|Any CPU
		{31FA5046-2555-439A-B35C-30C4A61DEB83}.Debug|Any CPU.ActiveCfg = Debug|Any CPU
		{31FA5046-2555-439A-B35C-30C4A61DEB83}.Debug|Any CPU.Build.0 = Debug|Any CPU
		{31FA5046-2555-439A-B35C-30C4A61DEB83}.Release|Any CPU.ActiveCfg = Release|Any CPU
		{31FA5046-2555-439A-B35C-30C4A61DEB83}.Release|Any CPU.Build.0 = Release|Any CPU
		{6C68ADA6-0D9A-4588-A7B3-72B2A58CFCF5}.Debug|Any CPU.ActiveCfg = Debug|Any CPU
		{6C68ADA6-0D9A-4588-A7B3-72B2A58CFCF5}.Debug|Any CPU.Build.0 = Debug|Any CPU
		{6C68ADA6-0D9A-4588-A7B3-72B2A58CFCF5}.Release|Any CPU.ActiveCfg = Release|Any CPU
		{6C68ADA6-0D9A-4588-A7B3-72B2A58CFCF5}.Release|Any CPU.Build.0 = Release|Any CPU
		{5BF3D0FF-CFB8-4F7F-B626-4AE6FDDF7C68}.Debug|Any CPU.ActiveCfg = Debug|Any CPU
		{5BF3D0FF-CFB8-4F7F-B626-4AE6FDDF7C68}.Debug|Any CPU.Build.0 = Debug|Any CPU
		{5BF3D0FF-CFB8-4F7F-B626-4AE6FDDF7C68}.Release|Any CPU.ActiveCfg = Release|Any CPU
		{5BF3D0FF-CFB8-4F7F-B626-4AE6FDDF7C68}.Release|Any CPU.Build.0 = Release|Any CPU
		{708A1678-B316-4B50-B63F-B1354ED7C52D}.Debug|Any CPU.ActiveCfg = Debug|Any CPU
		{708A1678-B316-4B50-B63F-B1354ED7C52D}.Debug|Any CPU.Build.0 = Debug|Any CPU
		{708A1678-B316-4B50-B63F-B1354ED7C52D}.Release|Any CPU.ActiveCfg = Release|Any CPU
		{708A1678-B316-4B50-B63F-B1354ED7C52D}.Release|Any CPU.Build.0 = Release|Any CPU
		{D407BA30-0E21-4976-AFFB-16116B7D92A3}.Debug|Any CPU.ActiveCfg = Debug|Any CPU
		{D407BA30-0E21-4976-AFFB-16116B7D92A3}.Debug|Any CPU.Build.0 = Debug|Any CPU
		{D407BA30-0E21-4976-AFFB-16116B7D92A3}.Release|Any CPU.ActiveCfg = Release|Any CPU
		{D407BA30-0E21-4976-AFFB-16116B7D92A3}.Release|Any CPU.Build.0 = Release|Any CPU
		{3C9DC443-46C6-4002-94EC-1BEB6FD3F4FE}.Debug|Any CPU.ActiveCfg = Debug|Any CPU
		{3C9DC443-46C6-4002-94EC-1BEB6FD3F4FE}.Debug|Any CPU.Build.0 = Debug|Any CPU
		{3C9DC443-46C6-4002-94EC-1BEB6FD3F4FE}.Release|Any CPU.ActiveCfg = Release|Any CPU
		{3C9DC443-46C6-4002-94EC-1BEB6FD3F4FE}.Release|Any CPU.Build.0 = Release|Any CPU
	EndGlobalSection
	GlobalSection(SolutionProperties) = preSolution
		HideSolutionNode = FALSE
	EndGlobalSection
	GlobalSection(NestedProjects) = preSolution
		{5BF3D0FF-CFB8-4F7F-B626-4AE6FDDF7C68} = {5BDC2669-205D-48B0-BD08-849B51835BB2}
		{708A1678-B316-4B50-B63F-B1354ED7C52D} = {5BDC2669-205D-48B0-BD08-849B51835BB2}
		{D407BA30-0E21-4976-AFFB-16116B7D92A3} = {5BDC2669-205D-48B0-BD08-849B51835BB2}
		{3C9DC443-46C6-4002-94EC-1BEB6FD3F4FE} = {5BDC2669-205D-48B0-BD08-849B51835BB2}
	EndGlobalSection
	GlobalSection(ExtensibilityGlobals) = postSolution
		SolutionGuid = {1628ED3E-D372-4500-8EDF-5BE88DB5B335}
	EndGlobalSection
EndGlobal
